
Microsoft Visual Studio Solution File, Format Version 12.00
# Visual Studio Version 17
VisualStudioVersion = 17.1.32210.238
MinimumVisualStudioVersion = 10.0.40219.1
Project("{9A19103F-16F7-4668-BE54-9A1E7A4F7556}") = "Exaltation", "Exaltation.csproj", "{4BE15E5A-332D-4C37-885A-39AC8C67D059}"
EndProject
Global
	GlobalSection(SolutionConfigurationPlatforms) = preSolution
		Debug|Any CPU = Debug|Any CPU
		Release|Any CPU = Release|Any CPU
	EndGlobalSection
	GlobalSection(ProjectConfigurationPlatforms) = postSolution
		{4BE15E5A-332D-4C37-885A-39AC8C67D059}.Debug|Any CPU.ActiveCfg = Debug|Any CPU
		{4BE15E5A-332D-4C37-885A-39AC8C67D059}.Debug|Any CPU.Build.0 = Debug|Any CPU
		{4BE15E5A-332D-4C37-885A-39AC8C67D059}.Release|Any CPU.ActiveCfg = Release|Any CPU
		{4BE15E5A-332D-4C37-885A-39AC8C67D059}.Release|Any CPU.Build.0 = Release|Any CPU
	EndGlobalSection
	GlobalSection(SolutionProperties) = preSolution
		HideSolutionNode = FALSE
	EndGlobalSection
	GlobalSection(ExtensibilityGlobals) = postSolution
		SolutionGuid = {17820DF1-4D07-465D-BA44-C587FE5DA4A9}
	EndGlobalSection
EndGlobal
